
Microsoft Visual Studio Solution File, Format Version 12.00
# Visual Studio Version 16
VisualStudioVersion = 16.0.28729.10
MinimumVisualStudioVersion = 10.0.40219.1
Project("{2150E333-8FDC-42A3-9474-1A3956D46DE8}") = "dotnet", "dotnet", "{22D57376-9DD8-4A7F-86FD-9C05FEED97DE}"
EndProject
Project("{FAE04EC0-301F-11D3-BF4B-00C04F79EFBC}") = "MEFLauncher", "MEFLauncher\MEFLauncher.csproj", "{38ED0534-1111-46BD-BD90-98628D966C77}"
EndProject
Project("{9A19103F-16F7-4668-BE54-9A1E7A4F7556}") = "MEFLoader", "MEFLoader\MEFLoader.csproj", "{A49FB4EC-182C-423A-B332-C95D782731FD}"
EndProject
Project("{9A19103F-16F7-4668-BE54-9A1E7A4F7556}") = "MEFLib", "MEFLib\MEFLib.csproj", "{3CFAC62F-41C6-44C8-B813-89CBE51E3B57}"
EndProject
Project("{2150E333-8FDC-42A3-9474-1A3956D46DE8}") = "Test", "Test", "{73198022-6F34-4C3B-96E4-07C81088BF6B}"
EndProject
Project("{2150E333-8FDC-42A3-9474-1A3956D46DE8}") = "MEF", "MEF", "{23F466FE-9475-47B8-9F72-F3DBC99A0CEE}"
EndProject
Project("{2150E333-8FDC-42A3-9474-1A3956D46DE8}") = "MainPlugin", "MainPlugin", "{BFA7D377-638E-44A8-82E0-3F3BF7C47473}"
EndProject
Project("{FAE04EC0-301F-11D3-BF4B-00C04F79EFBC}") = "WPFRibbon", "WPFRibbon\WPFRibbon.csproj", "{1C5D5843-FDBD-4349-8EBB-53C731DE02BF}"
EndProject
Project("{FAE04EC0-301F-11D3-BF4B-00C04F79EFBC}") = "WPFDocument", "WPFDocument\WPFDocument.csproj", "{A5364A00-586B-420A-9C6F-A360481F8F76}"
EndProject
Project("{FAE04EC0-301F-11D3-BF4B-00C04F79EFBC}") = "WPFUserPlugin", "WPFUserPlugin\WPFUserPlugin.csproj", "{54AEA9AA-4789-4C11-9353-831C02D39D2B}"
EndProject
Project("{9A19103F-16F7-4668-BE54-9A1E7A4F7556}") = "LauncherCommon", "LauncherCommon\LauncherCommon.csproj", "{5E67AD55-68B4-48B7-929C-2661CF7E64AA}"
EndProject
Project("{FAE04EC0-301F-11D3-BF4B-00C04F79EFBC}") = "WPFPluginApp", "WPFPluginApp\WPFPluginApp.csproj", "{D122FC85-323C-4F39-AA16-C3713230CC66}"
EndProject
Project("{9A19103F-16F7-4668-BE54-9A1E7A4F7556}") = "CommonTools", "CommonTools\CommonTools.csproj", "{CBC925D9-F283-4E3C-95D4-17DF8F8159E4}"
EndProject
Project("{2150E333-8FDC-42A3-9474-1A3956D46DE8}") = "Common", "Common", "{2BA44FD7-0988-4073-96E5-2C1AE4D51D5A}"
EndProject
Project("{FAE04EC0-301F-11D3-BF4B-00C04F79EFBC}") = "TestForm", "TestForm\TestForm.csproj", "{38A6E03A-E929-4F47-B4A3-36829EED83A1}"
EndProject
Global
	GlobalSection(SolutionConfigurationPlatforms) = preSolution
		Debug|Any CPU = Debug|Any CPU
		Release|Any CPU = Release|Any CPU
	EndGlobalSection
	GlobalSection(ProjectConfigurationPlatforms) = postSolution
		{38ED0534-1111-46BD-BD90-98628D966C77}.Debug|Any CPU.ActiveCfg = Debug|Any CPU
		{38ED0534-1111-46BD-BD90-98628D966C77}.Debug|Any CPU.Build.0 = Debug|Any CPU
		{38ED0534-1111-46BD-BD90-98628D966C77}.Release|Any CPU.ActiveCfg = Release|Any CPU
		{38ED0534-1111-46BD-BD90-98628D966C77}.Release|Any CPU.Build.0 = Release|Any CPU
		{A49FB4EC-182C-423A-B332-C95D782731FD}.Debug|Any CPU.ActiveCfg = Debug|Any CPU
		{A49FB4EC-182C-423A-B332-C95D782731FD}.Debug|Any CPU.Build.0 = Debug|Any CPU
		{A49FB4EC-182C-423A-B332-C95D782731FD}.Release|Any CPU.ActiveCfg = Release|Any CPU
		{A49FB4EC-182C-423A-B332-C95D782731FD}.Release|Any CPU.Build.0 = Release|Any CPU
		{3CFAC62F-41C6-44C8-B813-89CBE51E3B57}.Debug|Any CPU.ActiveCfg = Debug|Any CPU
		{3CFAC62F-41C6-44C8-B813-89CBE51E3B57}.Debug|Any CPU.Build.0 = Debug|Any CPU
		{3CFAC62F-41C6-44C8-B813-89CBE51E3B57}.Release|Any CPU.ActiveCfg = Release|Any CPU
		{3CFAC62F-41C6-44C8-B813-89CBE51E3B57}.Release|Any CPU.Build.0 = Release|Any CPU
		{1C5D5843-FDBD-4349-8EBB-53C731DE02BF}.Debug|Any CPU.ActiveCfg = Debug|Any CPU
		{1C5D5843-FDBD-4349-8EBB-53C731DE02BF}.Debug|Any CPU.Build.0 = Debug|Any CPU
		{1C5D5843-FDBD-4349-8EBB-53C731DE02BF}.Release|Any CPU.ActiveCfg = Release|Any CPU
		{1C5D5843-FDBD-4349-8EBB-53C731DE02BF}.Release|Any CPU.Build.0 = Release|Any CPU
		{A5364A00-586B-420A-9C6F-A360481F8F76}.Debug|Any CPU.ActiveCfg = Debug|Any CPU
		{A5364A00-586B-420A-9C6F-A360481F8F76}.Debug|Any CPU.Build.0 = Debug|Any CPU
		{A5364A00-586B-420A-9C6F-A360481F8F76}.Release|Any CPU.ActiveCfg = Release|Any CPU
		{A5364A00-586B-420A-9C6F-A360481F8F76}.Release|Any CPU.Build.0 = Release|Any CPU
		{54AEA9AA-4789-4C11-9353-831C02D39D2B}.Debug|Any CPU.ActiveCfg = Debug|Any CPU
		{54AEA9AA-4789-4C11-9353-831C02D39D2B}.Debug|Any CPU.Build.0 = Debug|Any CPU
		{54AEA9AA-4789-4C11-9353-831C02D39D2B}.Release|Any CPU.ActiveCfg = Release|Any CPU
		{54AEA9AA-4789-4C11-9353-831C02D39D2B}.Release|Any CPU.Build.0 = Release|Any CPU
		{5E67AD55-68B4-48B7-929C-2661CF7E64AA}.Debug|Any CPU.ActiveCfg = Debug|Any CPU
		{5E67AD55-68B4-48B7-929C-2661CF7E64AA}.Debug|Any CPU.Build.0 = Debug|Any CPU
		{5E67AD55-68B4-48B7-929C-2661CF7E64AA}.Release|Any CPU.ActiveCfg = Release|Any CPU
		{5E67AD55-68B4-48B7-929C-2661CF7E64AA}.Release|Any CPU.Build.0 = Release|Any CPU
		{D122FC85-323C-4F39-AA16-C3713230CC66}.Debug|Any CPU.ActiveCfg = Debug|Any CPU
		{D122FC85-323C-4F39-AA16-C3713230CC66}.Debug|Any CPU.Build.0 = Debug|Any CPU
		{D122FC85-323C-4F39-AA16-C3713230CC66}.Release|Any CPU.ActiveCfg = Release|Any CPU
		{D122FC85-323C-4F39-AA16-C3713230CC66}.Release|Any CPU.Build.0 = Release|Any CPU
		{CBC925D9-F283-4E3C-95D4-17DF8F8159E4}.Debug|Any CPU.ActiveCfg = Debug|Any CPU
		{CBC925D9-F283-4E3C-95D4-17DF8F8159E4}.Debug|Any CPU.Build.0 = Debug|Any CPU
		{CBC925D9-F283-4E3C-95D4-17DF8F8159E4}.Release|Any CPU.ActiveCfg = Release|Any CPU
		{CBC925D9-F283-4E3C-95D4-17DF8F8159E4}.Release|Any CPU.Build.0 = Release|Any CPU
		{38A6E03A-E929-4F47-B4A3-36829EED83A1}.Debug|Any CPU.ActiveCfg = Debug|Any CPU
		{38A6E03A-E929-4F47-B4A3-36829EED83A1}.Debug|Any CPU.Build.0 = Debug|Any CPU
		{38A6E03A-E929-4F47-B4A3-36829EED83A1}.Release|Any CPU.ActiveCfg = Release|Any CPU
		{38A6E03A-E929-4F47-B4A3-36829EED83A1}.Release|Any CPU.Build.0 = Release|Any CPU
	EndGlobalSection
	GlobalSection(SolutionProperties) = preSolution
		HideSolutionNode = FALSE
	EndGlobalSection
	GlobalSection(NestedProjects) = preSolution
		{38ED0534-1111-46BD-BD90-98628D966C77} = {22D57376-9DD8-4A7F-86FD-9C05FEED97DE}
		{A49FB4EC-182C-423A-B332-C95D782731FD} = {23F466FE-9475-47B8-9F72-F3DBC99A0CEE}
		{3CFAC62F-41C6-44C8-B813-89CBE51E3B57} = {23F466FE-9475-47B8-9F72-F3DBC99A0CEE}
		{1C5D5843-FDBD-4349-8EBB-53C731DE02BF} = {BFA7D377-638E-44A8-82E0-3F3BF7C47473}
		{A5364A00-586B-420A-9C6F-A360481F8F76} = {BFA7D377-638E-44A8-82E0-3F3BF7C47473}
		{54AEA9AA-4789-4C11-9353-831C02D39D2B} = {73198022-6F34-4C3B-96E4-07C81088BF6B}
		{5E67AD55-68B4-48B7-929C-2661CF7E64AA} = {2BA44FD7-0988-4073-96E5-2C1AE4D51D5A}
		{D122FC85-323C-4F39-AA16-C3713230CC66} = {73198022-6F34-4C3B-96E4-07C81088BF6B}
		{CBC925D9-F283-4E3C-95D4-17DF8F8159E4} = {2BA44FD7-0988-4073-96E5-2C1AE4D51D5A}
		{38A6E03A-E929-4F47-B4A3-36829EED83A1} = {73198022-6F34-4C3B-96E4-07C81088BF6B}
	EndGlobalSection
	GlobalSection(ExtensibilityGlobals) = postSolution
		SolutionGuid = {1166B35D-8105-4337-A1F2-F53D112D719A}
	EndGlobalSection
EndGlobal
